// !$*UTF8*$!
{
	archiveVersion = 1;
	classes = {
	};
	objectVersion = 46;
	objects = {

/* Begin PBXBuildFile section */
		97592CD31FFBBB44006A3E6A /* FlickrTableViewController.swift in Sources */ = {isa = PBXBuildFile; fileRef = 97592CD21FFBBB44006A3E6A /* FlickrTableViewController.swift */; };
		97592CDC1FFBBC6D006A3E6A /* Flickr.swift in Sources */ = {isa = PBXBuildFile; fileRef = 97592CDB1FFBBC6D006A3E6A /* Flickr.swift */; };
		97592CDE1FFBD2EA006A3E6A /* FlickrRequest.swift in Sources */ = {isa = PBXBuildFile; fileRef = 97592CDD1FFBD2EA006A3E6A /* FlickrRequest.swift */; };
		979C2B6D1FF29F6900086344 /* AppDelegate.swift in Sources */ = {isa = PBXBuildFile; fileRef = 979C2B6C1FF29F6900086344 /* AppDelegate.swift */; };
		979C2B6F1FF29F6900086344 /* ViewController.swift in Sources */ = {isa = PBXBuildFile; fileRef = 979C2B6E1FF29F6900086344 /* ViewController.swift */; };
		979C2B721FF29F6900086344 /* Main.storyboard in Resources */ = {isa = PBXBuildFile; fileRef = 979C2B701FF29F6900086344 /* Main.storyboard */; };
		979C2B741FF29F6900086344 /* Assets.xcassets in Resources */ = {isa = PBXBuildFile; fileRef = 979C2B731FF29F6900086344 /* Assets.xcassets */; };
		979C2B771FF29F6900086344 /* LaunchScreen.storyboard in Resources */ = {isa = PBXBuildFile; fileRef = 979C2B751FF29F6900086344 /* LaunchScreen.storyboard */; };
		979C2B7F1FF3E0BA00086344 /* TweetTableViewCell.swift in Sources */ = {isa = PBXBuildFile; fileRef = 979C2B7E1FF3E0BA00086344 /* TweetTableViewCell.swift */; };
		979C2B811FF3E0C800086344 /* TweetTableViewController.swift in Sources */ = {isa = PBXBuildFile; fileRef = 979C2B801FF3E0C800086344 /* TweetTableViewController.swift */; };
		979C2B9B1FF3E38E00086344 /* Twitter.framework in Frameworks */ = {isa = PBXBuildFile; fileRef = 979C2B9A1FF3E38E00086344 /* Twitter.framework */; };
		979C2B9C1FF3E38E00086344 /* Twitter.framework in Embed Frameworks */ = {isa = PBXBuildFile; fileRef = 979C2B9A1FF3E38E00086344 /* Twitter.framework */; settings = {ATTRIBUTES = (CodeSignOnCopy, RemoveHeadersOnCopy, ); }; };
		979CD1731FFE7C2200C0553C /* FlickrTableViewCell.swift in Sources */ = {isa = PBXBuildFile; fileRef = 979CD1721FFE7C2200C0553C /* FlickrTableViewCell.swift */; };
/* End PBXBuildFile section */

/* Begin PBXContainerItemProxy section */
		979C2B8C1FF3E36300086344 /* PBXContainerItemProxy */ = {
			isa = PBXContainerItemProxy;
			containerPortal = 979C2B821FF3E36200086344 /* OAuthSwift.xcodeproj */;
			proxyType = 2;
			remoteGlobalIDString = F435027A1A6791B200038A29;
			remoteInfo = OAuthSwift;
		};
		979C2B8E1FF3E36300086344 /* PBXContainerItemProxy */ = {
			isa = PBXContainerItemProxy;
			containerPortal = 979C2B821FF3E36200086344 /* OAuthSwift.xcodeproj */;
			proxyType = 2;
			remoteGlobalIDString = C48B28021AFA598D00C7DEF6;
			remoteInfo = OAuthSwiftOSX;
		};
		979C2B901FF3E36300086344 /* PBXContainerItemProxy */ = {
			isa = PBXContainerItemProxy;
			containerPortal = 979C2B821FF3E36200086344 /* OAuthSwift.xcodeproj */;
			proxyType = 2;
			remoteGlobalIDString = C4B6EE1E1BF74CE300443596;
			remoteInfo = OAuthSwiftTVOS;
		};
		979C2B921FF3E36300086344 /* PBXContainerItemProxy */ = {
			isa = PBXContainerItemProxy;
			containerPortal = 979C2B821FF3E36200086344 /* OAuthSwift.xcodeproj */;
			proxyType = 2;
			remoteGlobalIDString = C40890C01C11B37000E3146A;
			remoteInfo = OAuthSwiftWatchOS;
		};
		979C2B941FF3E36300086344 /* PBXContainerItemProxy */ = {
			isa = PBXContainerItemProxy;
			containerPortal = 979C2B821FF3E36200086344 /* OAuthSwift.xcodeproj */;
			proxyType = 2;
			remoteGlobalIDString = F451E3C5195B8CD80051434C;
			remoteInfo = OAuthSwiftDemo;
		};
		979C2B961FF3E36300086344 /* PBXContainerItemProxy */ = {
			isa = PBXContainerItemProxy;
			containerPortal = 979C2B821FF3E36200086344 /* OAuthSwift.xcodeproj */;
			proxyType = 2;
			remoteGlobalIDString = C49FD5241AFB5DF500791E1A;
			remoteInfo = OAuthSwiftOSXDemo;
		};
		979C2B981FF3E36300086344 /* PBXContainerItemProxy */ = {
			isa = PBXContainerItemProxy;
			containerPortal = 979C2B821FF3E36200086344 /* OAuthSwift.xcodeproj */;
			proxyType = 2;
			remoteGlobalIDString = C4D50DF71BFB693F0053B624;
			remoteInfo = OAuthSwiftTests;
		};
/* End PBXContainerItemProxy section */

/* Begin PBXCopyFilesBuildPhase section */
		979C2B9D1FF3E38E00086344 /* Embed Frameworks */ = {
			isa = PBXCopyFilesBuildPhase;
			buildActionMask = 2147483647;
			dstPath = "";
			dstSubfolderSpec = 10;
			files = (
				979C2B9C1FF3E38E00086344 /* Twitter.framework in Embed Frameworks */,
			);
			name = "Embed Frameworks";
			runOnlyForDeploymentPostprocessing = 0;
		};
/* End PBXCopyFilesBuildPhase section */

/* Begin PBXFileReference section */
		97592CD21FFBBB44006A3E6A /* FlickrTableViewController.swift */ = {isa = PBXFileReference; fileEncoding = 4; lastKnownFileType = sourcecode.swift; path = FlickrTableViewController.swift; sourceTree = "<group>"; };
		97592CDB1FFBBC6D006A3E6A /* Flickr.swift */ = {isa = PBXFileReference; fileEncoding = 4; lastKnownFileType = sourcecode.swift; path = Flickr.swift; sourceTree = "<group>"; };
		97592CDD1FFBD2EA006A3E6A /* FlickrRequest.swift */ = {isa = PBXFileReference; fileEncoding = 4; lastKnownFileType = sourcecode.swift; path = FlickrRequest.swift; sourceTree = "<group>"; };
		979C2B691FF29F6900086344 /* SmashtagOnFlickr.app */ = {isa = PBXFileReference; explicitFileType = wrapper.application; includeInIndex = 0; path = SmashtagOnFlickr.app; sourceTree = BUILT_PRODUCTS_DIR; };
		979C2B6C1FF29F6900086344 /* AppDelegate.swift */ = {isa = PBXFileReference; lastKnownFileType = sourcecode.swift; path = AppDelegate.swift; sourceTree = "<group>"; };
		979C2B6E1FF29F6900086344 /* ViewController.swift */ = {isa = PBXFileReference; lastKnownFileType = sourcecode.swift; path = ViewController.swift; sourceTree = "<group>"; };
		979C2B711FF29F6900086344 /* Base */ = {isa = PBXFileReference; lastKnownFileType = file.storyboard; name = Base; path = Base.lproj/Main.storyboard; sourceTree = "<group>"; };
		979C2B731FF29F6900086344 /* Assets.xcassets */ = {isa = PBXFileReference; lastKnownFileType = folder.assetcatalog; path = Assets.xcassets; sourceTree = "<group>"; };
		979C2B761FF29F6900086344 /* Base */ = {isa = PBXFileReference; lastKnownFileType = file.storyboard; name = Base; path = Base.lproj/LaunchScreen.storyboard; sourceTree = "<group>"; };
		979C2B781FF29F6900086344 /* Info.plist */ = {isa = PBXFileReference; lastKnownFileType = text.plist.xml; path = Info.plist; sourceTree = "<group>"; };
		979C2B7E1FF3E0BA00086344 /* TweetTableViewCell.swift */ = {isa = PBXFileReference; fileEncoding = 4; lastKnownFileType = sourcecode.swift; path = TweetTableViewCell.swift; sourceTree = "<group>"; };
		979C2B801FF3E0C800086344 /* TweetTableViewController.swift */ = {isa = PBXFileReference; fileEncoding = 4; lastKnownFileType = sourcecode.swift; path = TweetTableViewController.swift; sourceTree = "<group>"; };
		979C2B821FF3E36200086344 /* OAuthSwift.xcodeproj */ = {isa = PBXFileReference; lastKnownFileType = "wrapper.pb-project"; name = OAuthSwift.xcodeproj; path = "../../../../../Downloads/OAuthSwift-swift3/OAuthSwift.xcodeproj"; sourceTree = "<group>"; };
		979C2B9A1FF3E38E00086344 /* Twitter.framework */ = {isa = PBXFileReference; explicitFileType = wrapper.framework; path = Twitter.framework; sourceTree = BUILT_PRODUCTS_DIR; };
		979CD1721FFE7C2200C0553C /* FlickrTableViewCell.swift */ = {isa = PBXFileReference; fileEncoding = 4; lastKnownFileType = sourcecode.swift; path = FlickrTableViewCell.swift; sourceTree = "<group>"; };
/* End PBXFileReference section */

/* Begin PBXFrameworksBuildPhase section */
		979C2B661FF29F6900086344 /* Frameworks */ = {
			isa = PBXFrameworksBuildPhase;
			buildActionMask = 2147483647;
			files = (
				979C2B9B1FF3E38E00086344 /* Twitter.framework in Frameworks */,
			);
			runOnlyForDeploymentPostprocessing = 0;
		};
/* End PBXFrameworksBuildPhase section */

/* Begin PBXGroup section */
		979C2B601FF29F6900086344 = {
			isa = PBXGroup;
			children = (
				979C2B9A1FF3E38E00086344 /* Twitter.framework */,
				979C2B821FF3E36200086344 /* OAuthSwift.xcodeproj */,
				979C2B6B1FF29F6900086344 /* SmashtagOnFlickr */,
				979C2B6A1FF29F6900086344 /* Products */,
			);
			sourceTree = "<group>";
		};
		979C2B6A1FF29F6900086344 /* Products */ = {
			isa = PBXGroup;
			children = (
				979C2B691FF29F6900086344 /* SmashtagOnFlickr.app */,
			);
			name = Products;
			sourceTree = "<group>";
		};
		979C2B6B1FF29F6900086344 /* SmashtagOnFlickr */ = {
			isa = PBXGroup;
			children = (
				979CD1721FFE7C2200C0553C /* FlickrTableViewCell.swift */,
				97592CDD1FFBD2EA006A3E6A /* FlickrRequest.swift */,
				97592CDB1FFBBC6D006A3E6A /* Flickr.swift */,
				97592CD21FFBBB44006A3E6A /* FlickrTableViewController.swift */,
				979C2B801FF3E0C800086344 /* TweetTableViewController.swift */,
				979C2B7E1FF3E0BA00086344 /* TweetTableViewCell.swift */,
				979C2B6C1FF29F6900086344 /* AppDelegate.swift */,
				979C2B6E1FF29F6900086344 /* ViewController.swift */,
				979C2B701FF29F6900086344 /* Main.storyboard */,
				979C2B731FF29F6900086344 /* Assets.xcassets */,
				979C2B751FF29F6900086344 /* LaunchScreen.storyboard */,
				979C2B781FF29F6900086344 /* Info.plist */,
			);
			path = SmashtagOnFlickr;
			sourceTree = "<group>";
		};
		979C2B831FF3E36200086344 /* Products */ = {
			isa = PBXGroup;
			children = (
				979C2B8D1FF3E36300086344 /* OAuthSwift.framework */,
				979C2B8F1FF3E36300086344 /* OAuthSwift.framework */,
				979C2B911FF3E36300086344 /* OAuthSwift.framework */,
				979C2B931FF3E36300086344 /* OAuthSwift.framework */,
				979C2B951FF3E36300086344 /* OAuthSwiftDemo.app */,
				979C2B971FF3E36300086344 /* OAuthSwiftOSXDemo.app */,
				979C2B991FF3E36300086344 /* OAuthSwiftTests.xctest */,
			);
			name = Products;
			sourceTree = "<group>";
		};
/* End PBXGroup section */

/* Begin PBXNativeTarget section */
		979C2B681FF29F6900086344 /* SmashtagOnFlickr */ = {
			isa = PBXNativeTarget;
			buildConfigurationList = 979C2B7B1FF29F6900086344 /* Build configuration list for PBXNativeTarget "SmashtagOnFlickr" */;
			buildPhases = (
				979C2B651FF29F6900086344 /* Sources */,
				979C2B661FF29F6900086344 /* Frameworks */,
				979C2B671FF29F6900086344 /* Resources */,
				979C2B9D1FF3E38E00086344 /* Embed Frameworks */,
			);
			buildRules = (
			);
			dependencies = (
			);
			name = SmashtagOnFlickr;
			productName = SmashtagOnFlickr;
			productReference = 979C2B691FF29F6900086344 /* SmashtagOnFlickr.app */;
			productType = "com.apple.product-type.application";
		};
/* End PBXNativeTarget section */

/* Begin PBXProject section */
		979C2B611FF29F6900086344 /* Project object */ = {
			isa = PBXProject;
			attributes = {
				LastSwiftUpdateCheck = 0830;
				LastUpgradeCheck = 0830;
				ORGANIZATIONNAME = AnyouJiang;
				TargetAttributes = {
					979C2B681FF29F6900086344 = {
						CreatedOnToolsVersion = 8.3.2;
						DevelopmentTeam = TQ983J4WX3;
						ProvisioningStyle = Automatic;
					};
				};
			};
			buildConfigurationList = 979C2B641FF29F6900086344 /* Build configuration list for PBXProject "SmashtagOnFlickr" */;
			compatibilityVersion = "Xcode 3.2";
			developmentRegion = English;
			hasScannedForEncodings = 0;
			knownRegions = (
				en,
				Base,
			);
			mainGroup = 979C2B601FF29F6900086344;
			productRefGroup = 979C2B6A1FF29F6900086344 /* Products */;
			projectDirPath = "";
			projectReferences = (
				{
					ProductGroup = 979C2B831FF3E36200086344 /* Products */;
					ProjectRef = 979C2B821FF3E36200086344 /* OAuthSwift.xcodeproj */;
				},
			);
			projectRoot = "";
			targets = (
				979C2B681FF29F6900086344 /* SmashtagOnFlickr */,
			);
		};
/* End PBXProject section */

/* Begin PBXReferenceProxy section */
		979C2B8D1FF3E36300086344 /* OAuthSwift.framework */ = {
			isa = PBXReferenceProxy;
			fileType = wrapper.framework;
			path = OAuthSwift.framework;
			remoteRef = 979C2B8C1FF3E36300086344 /* PBXContainerItemProxy */;
			sourceTree = BUILT_PRODUCTS_DIR;
		};
		979C2B8F1FF3E36300086344 /* OAuthSwift.framework */ = {
			isa = PBXReferenceProxy;
			fileType = wrapper.framework;
			path = OAuthSwift.framework;
			remoteRef = 979C2B8E1FF3E36300086344 /* PBXContainerItemProxy */;
			sourceTree = BUILT_PRODUCTS_DIR;
		};
		979C2B911FF3E36300086344 /* OAuthSwift.framework */ = {
			isa = PBXReferenceProxy;
			fileType = wrapper.framework;
			path = OAuthSwift.framework;
			remoteRef = 979C2B901FF3E36300086344 /* PBXContainerItemProxy */;
			sourceTree = BUILT_PRODUCTS_DIR;
		};
		979C2B931FF3E36300086344 /* OAuthSwift.framework */ = {
			isa = PBXReferenceProxy;
			fileType = wrapper.framework;
			path = OAuthSwift.framework;
			remoteRef = 979C2B921FF3E36300086344 /* PBXContainerItemProxy */;
			sourceTree = BUILT_PRODUCTS_DIR;
		};
		979C2B951FF3E36300086344 /* OAuthSwiftDemo.app */ = {
			isa = PBXReferenceProxy;
			fileType = wrapper.application;
			path = OAuthSwiftDemo.app;
			remoteRef = 979C2B941FF3E36300086344 /* PBXContainerItemProxy */;
			sourceTree = BUILT_PRODUCTS_DIR;
		};
		979C2B971FF3E36300086344 /* OAuthSwiftOSXDemo.app */ = {
			isa = PBXReferenceProxy;
			fileType = wrapper.application;
			path = OAuthSwiftOSXDemo.app;
			remoteRef = 979C2B961FF3E36300086344 /* PBXContainerItemProxy */;
			sourceTree = BUILT_PRODUCTS_DIR;
		};
		979C2B991FF3E36300086344 /* OAuthSwiftTests.xctest */ = {
			isa = PBXReferenceProxy;
			fileType = wrapper.cfbundle;
			path = OAuthSwiftTests.xctest;
			remoteRef = 979C2B981FF3E36300086344 /* PBXContainerItemProxy */;
			sourceTree = BUILT_PRODUCTS_DIR;
		};
/* End PBXReferenceProxy section */

/* Begin PBXResourcesBuildPhase section */
		979C2B671FF29F6900086344 /* Resources */ = {
			isa = PBXResourcesBuildPhase;
			buildActionMask = 2147483647;
			files = (
				979C2B771FF29F6900086344 /* LaunchScreen.storyboard in Resources */,
				979C2B741FF29F6900086344 /* Assets.xcassets in Resources */,
				979C2B721FF29F6900086344 /* Main.storyboard in Resources */,
			);
			runOnlyForDeploymentPostprocessing = 0;
		};
/* End PBXResourcesBuildPhase section */

/* Begin PBXSourcesBuildPhase section */
		979C2B651FF29F6900086344 /* Sources */ = {
			isa = PBXSourcesBuildPhase;
			buildActionMask = 2147483647;
			files = (
				979C2B6F1FF29F6900086344 /* ViewController.swift in Sources */,
				97592CDE1FFBD2EA006A3E6A /* FlickrRequest.swift in Sources */,
				979CD1731FFE7C2200C0553C /* FlickrTableViewCell.swift in Sources */,
				979C2B811FF3E0C800086344 /* TweetTableViewController.swift in Sources */,
				97592CD31FFBBB44006A3E6A /* FlickrTableViewController.swift in Sources */,
				979C2B6D1FF29F6900086344 /* AppDelegate.swift in Sources */,
				97592CDC1FFBBC6D006A3E6A /* Flickr.swift in Sources */,
				979C2B7F1FF3E0BA00086344 /* TweetTableViewCell.swift in Sources */,
			);
			runOnlyForDeploymentPostprocessing = 0;
		};
/* End PBXSourcesBuildPhase section */

/* Begin PBXVariantGroup section */
		979C2B701FF29F6900086344 /* Main.storyboard */ = {
			isa = PBXVariantGroup;
			children = (
				979C2B711FF29F6900086344 /* Base */,
			);
			name = Main.storyboard;
			sourceTree = "<group>";
		};
		979C2B751FF29F6900086344 /* LaunchScreen.storyboard */ = {
			isa = PBXVariantGroup;
			children = (
				979C2B761FF29F6900086344 /* Base */,
			);
			name = LaunchScreen.storyboard;
			sourceTree = "<group>";
		};
/* End PBXVariantGroup section */

/* Begin XCBuildConfiguration section */
		979C2B791FF29F6900086344 /* Debug */ = {
			isa = XCBuildConfiguration;
			buildSettings = {
				ALWAYS_SEARCH_USER_PATHS = NO;
				CLANG_ANALYZER_NONNULL = YES;
				CLANG_ANALYZER_NUMBER_OBJECT_CONVERSION = YES_AGGRESSIVE;
				CLANG_CXX_LANGUAGE_STANDARD = "gnu++0x";
				CLANG_CXX_LIBRARY = "libc++";
				CLANG_ENABLE_MODULES = YES;
				CLANG_ENABLE_OBJC_ARC = YES;
				CLANG_WARN_BOOL_CONVERSION = YES;
				CLANG_WARN_CONSTANT_CONVERSION = YES;
				CLANG_WARN_DIRECT_OBJC_ISA_USAGE = YES_ERROR;
				CLANG_WARN_DOCUMENTATION_COMMENTS = YES;
				CLANG_WARN_EMPTY_BODY = YES;
				CLANG_WARN_ENUM_CONVERSION = YES;
				CLANG_WARN_INFINITE_RECURSION = YES;
				CLANG_WARN_INT_CONVERSION = YES;
				CLANG_WARN_OBJC_ROOT_CLASS = YES_ERROR;
				CLANG_WARN_SUSPICIOUS_MOVE = YES;
				CLANG_WARN_UNREACHABLE_CODE = YES;
				CLANG_WARN__DUPLICATE_METHOD_MATCH = YES;
				"CODE_SIGN_IDENTITY[sdk=iphoneos*]" = "iPhone Developer";
				COPY_PHASE_STRIP = NO;
				DEBUG_INFORMATION_FORMAT = dwarf;
				ENABLE_STRICT_OBJC_MSGSEND = YES;
				ENABLE_TESTABILITY = YES;
				GCC_C_LANGUAGE_STANDARD = gnu99;
				GCC_DYNAMIC_NO_PIC = NO;
				GCC_NO_COMMON_BLOCKS = YES;
				GCC_OPTIMIZATION_LEVEL = 0;
				GCC_PREPROCESSOR_DEFINITIONS = (
					"DEBUG=1",
					"$(inherited)",
				);
				GCC_WARN_64_TO_32_BIT_CONVERSION = YES;
				GCC_WARN_ABOUT_RETURN_TYPE = YES_ERROR;
				GCC_WARN_UNDECLARED_SELECTOR = YES;
				GCC_WARN_UNINITIALIZED_AUTOS = YES_AGGRESSIVE;
				GCC_WARN_UNUSED_FUNCTION = YES;
				GCC_WARN_UNUSED_VARIABLE = YES;
				IPHONEOS_DEPLOYMENT_TARGET = 10.3;
				MTL_ENABLE_DEBUG_INFO = YES;
				ONLY_ACTIVE_ARCH = YES;
				SDKROOT = iphoneos;
				SWIFT_ACTIVE_COMPILATION_CONDITIONS = DEBUG;
				SWIFT_OPTIMIZATION_LEVEL = "-Onone";
			};
			name = Debug;
		};
		979C2B7A1FF29F6900086344 /* Release */ = {
			isa = XCBuildConfiguration;
			buildSettings = {
				ALWAYS_SEARCH_USER_PATHS = NO;
				CLANG_ANALYZER_NONNULL = YES;
				CLANG_ANALYZER_NUMBER_OBJECT_CONVERSION = YES_AGGRESSIVE;
				CLANG_CXX_LANGUAGE_STANDARD = "gnu++0x";
				CLANG_CXX_LIBRARY = "libc++";
				CLANG_ENABLE_MODULES = YES;
				CLANG_ENABLE_OBJC_ARC = YES;
				CLANG_WARN_BOOL_CONVERSION = YES;
				CLANG_WARN_CONSTANT_CONVERSION = YES;
				CLANG_WARN_DIRECT_OBJC_ISA_USAGE = YES_ERROR;
				CLANG_WARN_DOCUMENTATION_COMMENTS = YES;
				CLANG_WARN_EMPTY_BODY = YES;
				CLANG_WARN_ENUM_CONVERSION = YES;
				CLANG_WARN_INFINITE_RECURSION = YES;
				CLANG_WARN_INT_CONVERSION = YES;
				CLANG_WARN_OBJC_ROOT_CLASS = YES_ERROR;
				CLANG_WARN_SUSPICIOUS_MOVE = YES;
				CLANG_WARN_UNREACHABLE_CODE = YES;
				CLANG_WARN__DUPLICATE_METHOD_MATCH = YES;
				"CODE_SIGN_IDENTITY[sdk=iphoneos*]" = "iPhone Developer";
				COPY_PHASE_STRIP = NO;
				DEBUG_INFORMATION_FORMAT = "dwarf-with-dsym";
				ENABLE_NS_ASSERTIONS = NO;
				ENABLE_STRICT_OBJC_MSGSEND = YES;
				GCC_C_LANGUAGE_STANDARD = gnu99;
				GCC_NO_COMMON_BLOCKS = YES;
				GCC_WARN_64_TO_32_BIT_CONVERSION = YES;
				GCC_WARN_ABOUT_RETURN_TYPE = YES_ERROR;
				GCC_WARN_UNDECLARED_SELECTOR = YES;
				GCC_WARN_UNINITIALIZED_AUTOS = YES_AGGRESSIVE;
				GCC_WARN_UNUSED_FUNCTION = YES;
				GCC_WARN_UNUSED_VARIABLE = YES;
				IPHONEOS_DEPLOYMENT_TARGET = 10.3;
				MTL_ENABLE_DEBUG_INFO = NO;
				SDKROOT = iphoneos;
				SWIFT_OPTIMIZATION_LEVEL = "-Owholemodule";
				VALIDATE_PRODUCT = YES;
			};
			name = Release;
		};
		979C2B7C1FF29F6900086344 /* Debug */ = {
			isa = XCBuildConfiguration;
			buildSettings = {
				ASSETCATALOG_COMPILER_APPICON_NAME = AppIcon;
				DEVELOPMENT_TEAM = TQ983J4WX3;
				INFOPLIST_FILE = SmashtagOnFlickr/Info.plist;
				LD_RUNPATH_SEARCH_PATHS = "$(inherited) @executable_path/Frameworks";
				PRODUCT_BUNDLE_IDENTIFIER = YL.SmashtagOnFlickr;
				PRODUCT_NAME = "$(TARGET_NAME)";
				SWIFT_VERSION = 3.0;
			};
			name = Debug;
		};
		979C2B7D1FF29F6900086344 /* Release */ = {
			isa = XCBuildConfiguration;
			buildSettings = {
				ASSETCATALOG_COMPILER_APPICON_NAME = AppIcon;
				DEVELOPMENT_TEAM = TQ983J4WX3;
				INFOPLIST_FILE = SmashtagOnFlickr/Info.plist;
				LD_RUNPATH_SEARCH_PATHS = "$(inherited) @executable_path/Frameworks";
				PRODUCT_BUNDLE_IDENTIFIER = YL.SmashtagOnFlickr;
				PRODUCT_NAME = "$(TARGET_NAME)";
				SWIFT_VERSION = 3.0;
			};
			name = Release;
		};
/* End XCBuildConfiguration section */

/* Begin XCConfigurationList section */
		979C2B641FF29F6900086344 /* Build configuration list for PBXProject "SmashtagOnFlickr" */ = {
			isa = XCConfigurationList;
			buildConfigurations = (
				979C2B791FF29F6900086344 /* Debug */,
				979C2B7A1FF29F6900086344 /* Release */,
			);
			defaultConfigurationIsVisible = 0;
			defaultConfigurationName = Release;
		};
		979C2B7B1FF29F6900086344 /* Build configuration list for PBXNativeTarget "SmashtagOnFlickr" */ = {
			isa = XCConfigurationList;
			buildConfigurations = (
				979C2B7C1FF29F6900086344 /* Debug */,
				979C2B7D1FF29F6900086344 /* Release */,
			);
			defaultConfigurationIsVisible = 0;
			defaultConfigurationName = Release;
		};
/* End XCConfigurationList section */
	};
	rootObject = 979C2B611FF29F6900086344 /* Project object */;
}
